
Microsoft Visual Studio Solution File, Format Version 12.00
# Visual Studio Version 16
VisualStudioVersion = 16.0.33920.266
MinimumVisualStudioVersion = 10.0.40219.1
Project("{FAE04EC0-301F-11D3-BF4B-00C04F79EFBC}") = "Exams Management System", "Exams Management System\Exams Management System.csproj", "{887923D8-6BAC-4CFA-BCA9-1AA830ED6340}"
EndProject
Global
	GlobalSection(SolutionConfigurationPlatforms) = preSolution
		Debug|Any CPU = Debug|Any CPU
		Release|Any CPU = Release|Any CPU
	EndGlobalSection
	GlobalSection(ProjectConfigurationPlatforms) = postSolution
		{887923D8-6BAC-4CFA-BCA9-1AA830ED6340}.Debug|Any CPU.ActiveCfg = Debug|Any CPU
		{887923D8-6BAC-4CFA-BCA9-1AA830ED6340}.Debug|Any CPU.Build.0 = Debug|Any CPU
		{887923D8-6BAC-4CFA-BCA9-1AA830ED6340}.Release|Any CPU.ActiveCfg = Release|Any CPU
		{887923D8-6BAC-4CFA-BCA9-1AA830ED6340}.Release|Any CPU.Build.0 = Release|Any CPU
	EndGlobalSection
	GlobalSection(SolutionProperties) = preSolution
		HideSolutionNode = FALSE
	EndGlobalSection
	GlobalSection(ExtensibilityGlobals) = postSolution
		SolutionGuid = {39FD416B-3F71-4B4A-8739-0F3E35800E3C}
	EndGlobalSection
EndGlobal
